
Microsoft Visual Studio Solution File, Format Version 12.00
# Visual Studio 15
VisualStudioVersion = 15.0.26730.3
MinimumVisualStudioVersion = 10.0.40219.1
Project("{FAE04EC0-301F-11D3-BF4B-00C04F79EFBC}") = "EFCore.App", "EFCore.App\EFCore.App.csproj", "{5ED324A8-311F-461F-85F3-72AF0FEA0FAC}"
EndProject
Global
	GlobalSection(SolutionConfigurationPlatforms) = preSolution
		Ad-Hoc|iPhone = Ad-Hoc|iPhone
		Ad-Hoc|iPhoneSimulator = Ad-Hoc|iPhoneSimulator
		AppStore|iPhone = AppStore|iPhone
		AppStore|iPhoneSimulator = AppStore|iPhoneSimulator
		Debug|iPhone = Debug|iPhone
		Debug|iPhoneSimulator = Debug|iPhoneSimulator
		Release|iPhone = Release|iPhone
		Release|iPhoneSimulator = Release|iPhoneSimulator
	EndGlobalSection
	GlobalSection(ProjectConfigurationPlatforms) = postSolution
		{5ED324A8-311F-461F-85F3-72AF0FEA0FAC}.Ad-Hoc|iPhone.ActiveCfg = Ad-Hoc|iPhone
		{5ED324A8-311F-461F-85F3-72AF0FEA0FAC}.Ad-Hoc|iPhone.Build.0 = Ad-Hoc|iPhone
		{5ED324A8-311F-461F-85F3-72AF0FEA0FAC}.Ad-Hoc|iPhoneSimulator.ActiveCfg = Ad-Hoc|iPhoneSimulator
		{5ED324A8-311F-461F-85F3-72AF0FEA0FAC}.Ad-Hoc|iPhoneSimulator.Build.0 = Ad-Hoc|iPhoneSimulator
		{5ED324A8-311F-461F-85F3-72AF0FEA0FAC}.AppStore|iPhone.ActiveCfg = AppStore|iPhone
		{5ED324A8-311F-461F-85F3-72AF0FEA0FAC}.AppStore|iPhone.Build.0 = AppStore|iPhone
		{5ED324A8-311F-461F-85F3-72AF0FEA0FAC}.AppStore|iPhoneSimulator.ActiveCfg = AppStore|iPhoneSimulator
		{5ED324A8-311F-461F-85F3-72AF0FEA0FAC}.AppStore|iPhoneSimulator.Build.0 = AppStore|iPhoneSimulator
		{5ED324A8-311F-461F-85F3-72AF0FEA0FAC}.Debug|iPhone.ActiveCfg = Debug|iPhone
		{5ED324A8-311F-461F-85F3-72AF0FEA0FAC}.Debug|iPhone.Build.0 = Debug|iPhone
		{5ED324A8-311F-461F-85F3-72AF0FEA0FAC}.Debug|iPhoneSimulator.ActiveCfg = Debug|iPhoneSimulator
		{5ED324A8-311F-461F-85F3-72AF0FEA0FAC}.Debug|iPhoneSimulator.Build.0 = Debug|iPhoneSimulator
		{5ED324A8-311F-461F-85F3-72AF0FEA0FAC}.Release|iPhone.ActiveCfg = Release|iPhone
		{5ED324A8-311F-461F-85F3-72AF0FEA0FAC}.Release|iPhone.Build.0 = Release|iPhone
		{5ED324A8-311F-461F-85F3-72AF0FEA0FAC}.Release|iPhoneSimulator.ActiveCfg = Release|iPhoneSimulator
		{5ED324A8-311F-461F-85F3-72AF0FEA0FAC}.Release|iPhoneSimulator.Build.0 = Release|iPhoneSimulator
	EndGlobalSection
	GlobalSection(SolutionProperties) = preSolution
		HideSolutionNode = FALSE
	EndGlobalSection
	GlobalSection(ExtensibilityGlobals) = postSolution
		SolutionGuid = {4F1DE737-A97A-41CC-B682-955C681AFB0C}
	EndGlobalSection
EndGlobal
